github.com/bnch/uleb128 v0.0.0-20160221084957-fac1fe18ad59 h1:WmIm5PO5EyIEWq8ia2isZi+M8n4jb+jK8n62RUAQskA=
github.com/bnch/uleb128 v0.0.0-20160221084957-fac1fe18ad59/go.mod h1:zsF7tgeh6SxSU4t28n0DKFAmrHwIrdgbsBC50nUWIi8=
github.com/golang/freetype v0.0.0-20170609003504-e2365dfdc4a0 h1:DACJavvAHhabrF08vX0COfcOBJRhZ8lUbR+ZWIs0Y5g=
github.com/golang/freetype v0.0.0-20170609003504-e2365dfdc4a0/go.mod h1:E/TSTwGwJL78qG/PmXZO1EjYhfJinVAhrmmHX6Z8B9k=
github.com/gorilla/mux v1.8.1 h1:TuBL49tXwgrFYWhqrNgrUNEY92u81SPhu7sTdzQEiWY=
github.com/gorilla/mux v1.8.1/go.mod h1:AKf9I4AEqPTmMytcMc0KkNouC66V3BtZ4qD5fmWSiMQ=
github.com/itchio/lzma v0.0.0-20190703113020-d3e24e3e3d49 h1:+YrBMf3rkLjkT10zIHyVE4S7ma4hqvfjl6XgnzZwS6o=
github.com/itchio/lzma v0.0.0-20190703113020-d3e24e3e3d49/go.mod h1:avNrevQMli1pYPsz1+HIHMvx95pk6O+6otbWqCZPeZI=
github.com/jinzhu/inflection v1.0.0 h1:K317FqzuhWc8YvSVlFMCCUb36O/S9MCKRDI7QkRKD/E=
github.com/jinzhu/inflection v1.0.0/go.mod h1:h+uFLlag+Qp1Va5pdKtLDYj+kHp5pxUVkryuEj+Srlc=
github.com/jinzhu/now v1.1.5 h1:/o9tlHleP7gOFmsnYNz3RGnqzefHA47wQpKrrdTIwXQ=
github.com/jinzhu/now v1.1.5/go.mod h1:d3SSVoowX0Lcu0IBviAWJpolVfI5UJVZZ7cO71lE/z8=
github.com/kelseyhightower/envconfig v1.4.0 h1:Im6hONhd3pLkfDFsbRgu68RDNkGF1r3dvMUtDTo2cv8=
github.com/kelseyhightower/envconfig v1.4.0/go.mod h1:cccZRl6mQpaq41TPp5QxidR+Sa3axMbJDNb//FQX6Gg=
github.com/mattn/go-sqlite3 v1.14.22 h1:2gZY6PC6kBnID23Tichd1K+Z0oS6nE/XwU+Vz/5o4kU=
github.com/mattn/go-sqlite3 v1.14.22/go.mod h1:Uh1q+B4BYcTPb+yiD3kU8Ct7aC0hY9fxUwlHK0RXw+Y=
github.com/natsukagami/go-osu-parser v0.0.0-20180720153006-fea426291a5b h1:EZBCRmPRu3hvMl6bPrSV+rk9olFHujuH00zAIVGWWRU=
github.com/natsukagami/go-osu-parser v0.0.0-20180720153006-fea426291a5b/go.mod h1:MpFCxV2oHx6V4Gl+ZwtaVplg9sOz5+oHwXbHtoEsURQ=
github.com/robloxxa/go-osr v0.0.0-20211123221033-7939beb231d2 h1:pGfvMf8l1uicMBVoprUWbDPASu+BgGIjnEAtZp9XSDM=
github.com/robloxxa/go-osr v0.0.0-20211123221033-7939beb231d2/go.mod h1:3o+/suRh2Y8ARRrlIc0tgadDg8kA+pBEJqAARUEeqLk=
github.com/xeonx/timeago v1.0.0-rc5 h1:pwcQGpaH3eLfPtXeyPA4DmHWjoQt0Ea7/++FwpxqLxg=
github.com/xeonx/timeago v1.0.0-rc5/go.mod h1:qDLrYEFynLO7y5Ho7w3GwgtYgpy5UfhcXIIQvMKVDkA=
golang.org/x/image v0.29.0 h1:HcdsyR4Gsuys/Axh0rDEmlBmB68rW1U9BUdB3UVHsas=
golang.org/x/image v0.29.0/go.mod h1:RVJROnf3SLK8d26OW91j4FrIHGbsJ8QnbEocVTOWQDA=
golang.org/x/text v0.27.0 h1:4fGWRpyh641NLlecmyl4LOe6yDdfaYNrGb2zdfo4JV4=
golang.org/x/text v0.27.0/go.mod h1:1D28KMCvyooCX9hBiosv5Tz/+YLxj0j7XhWjpSUF7CU=
gorm.io/driver/sqlite v1.6.0 h1:WHRRrIiulaPiPFmDcod6prc4l2VGVWHz80KspNsxSfQ=
gorm.io/driver/sqlite v1.6.0/go.mod h1:AO9V1qIQddBESngQUKWL9yoH93HIeA1X6V633rBwyT8=
gorm.io/gorm v1.30.1 h1:lSHg33jJTBxs2mgJRfRZeLDG+WZaHYCk3Wtfl6Ngzo4=
gorm.io/gorm v1.30.1/go.mod h1:8Z33v652h4//uMA76KjeDH8mJXPm1QNCYrMeatR0DOE=
